// !$*UTF8*$!
{
	archiveVersion = 1;
	classes = {
	};
	objectVersion = 46;
	objects = {

/* Begin PBXBuildFile section */
		064728781D84704F00A7B633 /* Alamofire.framework in Frameworks */ = {isa = PBXBuildFile; fileRef = 064728751D84704F00A7B633 /* Alamofire.framework */; };
		064728791D84704F00A7B633 /* AlamofireImage.framework in Frameworks */ = {isa = PBXBuildFile; fileRef = 064728761D84704F00A7B633 /* AlamofireImage.framework */; };
		0647287A1D84704F00A7B633 /* SwiftyJSON.framework in Frameworks */ = {isa = PBXBuildFile; fileRef = 064728771D84704F00A7B633 /* SwiftyJSON.framework */; };
		0647287C1D8470B000A7B633 /* Alamofire.framework in CopyFiles */ = {isa = PBXBuildFile; fileRef = 064728751D84704F00A7B633 /* Alamofire.framework */; settings = {ATTRIBUTES = (CodeSignOnCopy, RemoveHeadersOnCopy, ); }; };
		0647287D1D8470B000A7B633 /* AlamofireImage.framework in CopyFiles */ = {isa = PBXBuildFile; fileRef = 064728761D84704F00A7B633 /* AlamofireImage.framework */; settings = {ATTRIBUTES = (CodeSignOnCopy, RemoveHeadersOnCopy, ); }; };
		0647287E1D8470B000A7B633 /* SwiftyJSON.framework in CopyFiles */ = {isa = PBXBuildFile; fileRef = 064728771D84704F00A7B633 /* SwiftyJSON.framework */; settings = {ATTRIBUTES = (CodeSignOnCopy, RemoveHeadersOnCopy, ); }; };
		067234631D8467AF008AFD19 /* AppDelegate.swift in Sources */ = {isa = PBXBuildFile; fileRef = 067234621D8467AF008AFD19 /* AppDelegate.swift */; };
		067234651D8467AF008AFD19 /* ViewController.swift in Sources */ = {isa = PBXBuildFile; fileRef = 067234641D8467AF008AFD19 /* ViewController.swift */; };
		067234681D8467AF008AFD19 /* Main.storyboard in Resources */ = {isa = PBXBuildFile; fileRef = 067234661D8467AF008AFD19 /* Main.storyboard */; };
		0672346A1D8467AF008AFD19 /* Assets.xcassets in Resources */ = {isa = PBXBuildFile; fileRef = 067234691D8467AF008AFD19 /* Assets.xcassets */; };
		0672346D1D8467AF008AFD19 /* LaunchScreen.storyboard in Resources */ = {isa = PBXBuildFile; fileRef = 0672346B1D8467AF008AFD19 /* LaunchScreen.storyboard */; };
/* End PBXBuildFile section */

/* Begin PBXCopyFilesBuildPhase section */
		0647287B1D8470A100A7B633 /* CopyFiles */ = {
			isa = PBXCopyFilesBuildPhase;
			buildActionMask = 2147483647;
			dstPath = "";
			dstSubfolderSpec = 10;
			files = (
				0647287C1D8470B000A7B633 /* Alamofire.framework in CopyFiles */,
				0647287D1D8470B000A7B633 /* AlamofireImage.framework in CopyFiles */,
				0647287E1D8470B000A7B633 /* SwiftyJSON.framework in CopyFiles */,
			);
			runOnlyForDeploymentPostprocessing = 0;
		};
/* End PBXCopyFilesBuildPhase section */

/* Begin PBXFileReference section */
		064728751D84704F00A7B633 /* Alamofire.framework */ = {isa = PBXFileReference; lastKnownFileType = wrapper.framework; name = Alamofire.framework; path = Carthage/Build/iOS/Alamofire.framework; sourceTree = "<group>"; };
		064728761D84704F00A7B633 /* AlamofireImage.framework */ = {isa = PBXFileReference; lastKnownFileType = wrapper.framework; name = AlamofireImage.framework; path = Carthage/Build/iOS/AlamofireImage.framework; sourceTree = "<group>"; };
		064728771D84704F00A7B633 /* SwiftyJSON.framework */ = {isa = PBXFileReference; lastKnownFileType = wrapper.framework; name = SwiftyJSON.framework; path = Carthage/Build/iOS/SwiftyJSON.framework; sourceTree = "<group>"; };
		0672345F1D8467AF008AFD19 /* weather.app */ = {isa = PBXFileReference; explicitFileType = wrapper.application; includeInIndex = 0; path = weather.app; sourceTree = BUILT_PRODUCTS_DIR; };
		067234621D8467AF008AFD19 /* AppDelegate.swift */ = {isa = PBXFileReference; lastKnownFileType = sourcecode.swift; path = AppDelegate.swift; sourceTree = "<group>"; };
		067234641D8467AF008AFD19 /* ViewController.swift */ = {isa = PBXFileReference; lastKnownFileType = sourcecode.swift; path = ViewController.swift; sourceTree = "<group>"; };
		067234671D8467AF008AFD19 /* Base */ = {isa = PBXFileReference; lastKnownFileType = file.storyboard; name = Base; path = Base.lproj/Main.storyboard; sourceTree = "<group>"; };
		067234691D8467AF008AFD19 /* Assets.xcassets */ = {isa = PBXFileReference; lastKnownFileType = folder.assetcatalog; path = Assets.xcassets; sourceTree = "<group>"; };
		0672346C1D8467AF008AFD19 /* Base */ = {isa = PBXFileReference; lastKnownFileType = file.storyboard; name = Base; path = Base.lproj/LaunchScreen.storyboard; sourceTree = "<group>"; };
		0672346E1D8467AF008AFD19 /* Info.plist */ = {isa = PBXFileReference; lastKnownFileType = text.plist.xml; path = Info.plist; sourceTree = "<group>"; };
/* End PBXFileReference section */

/* Begin PBXFrameworksBuildPhase section */
		0672345C1D8467AF008AFD19 /* Frameworks */ = {
			isa = PBXFrameworksBuildPhase;
			buildActionMask = 2147483647;
			files = (
				064728781D84704F00A7B633 /* Alamofire.framework in Frameworks */,
				064728791D84704F00A7B633 /* AlamofireImage.framework in Frameworks */,
				0647287A1D84704F00A7B633 /* SwiftyJSON.framework in Frameworks */,
			);
			runOnlyForDeploymentPostprocessing = 0;
		};
/* End PBXFrameworksBuildPhase section */

/* Begin PBXGroup section */
		067234561D8467AF008AFD19 = {
			isa = PBXGroup;
			children = (
				064728751D84704F00A7B633 /* Alamofire.framework */,
				064728761D84704F00A7B633 /* AlamofireImage.framework */,
				064728771D84704F00A7B633 /* SwiftyJSON.framework */,
				067234611D8467AF008AFD19 /* weather */,
				067234601D8467AF008AFD19 /* Products */,
			);
			sourceTree = "<group>";
		};
		067234601D8467AF008AFD19 /* Products */ = {
			isa = PBXGroup;
			children = (
				0672345F1D8467AF008AFD19 /* weather.app */,
			);
			name = Products;
			sourceTree = "<group>";
		};
		067234611D8467AF008AFD19 /* weather */ = {
			isa = PBXGroup;
			children = (
				067234621D8467AF008AFD19 /* AppDelegate.swift */,
				067234641D8467AF008AFD19 /* ViewController.swift */,
				067234661D8467AF008AFD19 /* Main.storyboard */,
				067234691D8467AF008AFD19 /* Assets.xcassets */,
				0672346B1D8467AF008AFD19 /* LaunchScreen.storyboard */,
				0672346E1D8467AF008AFD19 /* Info.plist */,
			);
			path = weather;
			sourceTree = "<group>";
		};
/* End PBXGroup section */

/* Begin PBXNativeTarget section */
		0672345E1D8467AF008AFD19 /* weather */ = {
			isa = PBXNativeTarget;
			buildConfigurationList = 067234711D8467AF008AFD19 /* Build configuration list for PBXNativeTarget "weather" */;
			buildPhases = (
				0672345B1D8467AF008AFD19 /* Sources */,
				0672345C1D8467AF008AFD19 /* Frameworks */,
				0672345D1D8467AF008AFD19 /* Resources */,
				0647287B1D8470A100A7B633 /* CopyFiles */,
			);
			buildRules = (
			);
			dependencies = (
			);
			name = weather;
			productName = weather;
			productReference = 0672345F1D8467AF008AFD19 /* weather.app */;
			productType = "com.apple.product-type.application";
		};
/* End PBXNativeTarget section */

/* Begin PBXProject section */
		067234571D8467AF008AFD19 /* Project object */ = {
			isa = PBXProject;
			attributes = {
				LastSwiftUpdateCheck = 0730;
				LastUpgradeCheck = 0730;
				ORGANIZATIONNAME = gaberdios;
				TargetAttributes = {
					0672345E1D8467AF008AFD19 = {
						CreatedOnToolsVersion = 7.3.1;
						DevelopmentTeam = T9G2R3YYXX;
					};
				};
			};
			buildConfigurationList = 0672345A1D8467AF008AFD19 /* Build configuration list for PBXProject "weather" */;
			compatibilityVersion = "Xcode 3.2";
			developmentRegion = English;
			hasScannedForEncodings = 0;
			knownRegions = (
				en,
				Base,
			);
			mainGroup = 067234561D8467AF008AFD19;
			productRefGroup = 067234601D8467AF008AFD19 /* Products */;
			projectDirPath = "";
			projectRoot = "";
			targets = (
				0672345E1D8467AF008AFD19 /* weather */,
			);
		};
/* End PBXProject section */

/* Begin PBXResourcesBuildPhase section */
		0672345D1D8467AF008AFD19 /* Resources */ = {
			isa = PBXResourcesBuildPhase;
			buildActionMask = 2147483647;
			files = (
				0672346D1D8467AF008AFD19 /* LaunchScreen.storyboard in Resources */,
				0672346A1D8467AF008AFD19 /* Assets.xcassets in Resources */,
				067234681D8467AF008AFD19 /* Main.storyboard in Resources */,
			);
			runOnlyForDeploymentPostprocessing = 0;
		};
/* End PBXResourcesBuildPhase section */

/* Begin PBXSourcesBuildPhase section */
		0672345B1D8467AF008AFD19 /* Sources */ = {
			isa = PBXSourcesBuildPhase;
			buildActionMask = 2147483647;
			files = (
				067234651D8467AF008AFD19 /* ViewController.swift in Sources */,
				067234631D8467AF008AFD19 /* AppDelegate.swift in Sources */,
			);
			runOnlyForDeploymentPostprocessing = 0;
		};
/* End PBXSourcesBuildPhase section */

/* Begin PBXVariantGroup section */
		067234661D8467AF008AFD19 /* Main.storyboard */ = {
			isa = PBXVariantGroup;
			children = (
				067234671D8467AF008AFD19 /* Base */,
			);
			name = Main.storyboard;
			sourceTree = "<group>";
		};
		0672346B1D8467AF008AFD19 /* LaunchScreen.storyboard */ = {
			isa = PBXVariantGroup;
			children = (
				0672346C1D8467AF008AFD19 /* Base */,
			);
			name = LaunchScreen.storyboard;
			sourceTree = "<group>";
		};
/* End PBXVariantGroup section */

/* Begin XCBuildConfiguration section */
		0672346F1D8467AF008AFD19 /* Debug */ = {
			isa = XCBuildConfiguration;
			buildSettings = {
				ALWAYS_SEARCH_USER_PATHS = NO;
				CLANG_ANALYZER_NONNULL = YES;
				CLANG_CXX_LANGUAGE_STANDARD = "gnu++0x";
				CLANG_CXX_LIBRARY = "libc++";
				CLANG_ENABLE_MODULES = YES;
				CLANG_ENABLE_OBJC_ARC = YES;
				CLANG_WARN_BOOL_CONVERSION = YES;
				CLANG_WARN_CONSTANT_CONVERSION = YES;
				CLANG_WARN_DIRECT_OBJC_ISA_USAGE = YES_ERROR;
				CLANG_WARN_EMPTY_BODY = YES;
				CLANG_WARN_ENUM_CONVERSION = YES;
				CLANG_WARN_INT_CONVERSION = YES;
				CLANG_WARN_OBJC_ROOT_CLASS = YES_ERROR;
				CLANG_WARN_UNREACHABLE_CODE = YES;
				CLANG_WARN__DUPLICATE_METHOD_MATCH = YES;
				"CODE_SIGN_IDENTITY[sdk=iphoneos*]" = "iPhone Developer";
				COPY_PHASE_STRIP = NO;
				DEBUG_INFORMATION_FORMAT = dwarf;
				ENABLE_STRICT_OBJC_MSGSEND = YES;
				ENABLE_TESTABILITY = YES;
				GCC_C_LANGUAGE_STANDARD = gnu99;
				GCC_DYNAMIC_NO_PIC = NO;
				GCC_NO_COMMON_BLOCKS = YES;
				GCC_OPTIMIZATION_LEVEL = 0;
				GCC_PREPROCESSOR_DEFINITIONS = (
					"DEBUG=1",
					"$(inherited)",
				);
				GCC_WARN_64_TO_32_BIT_CONVERSION = YES;
				GCC_WARN_ABOUT_RETURN_TYPE = YES_ERROR;
				GCC_WARN_UNDECLARED_SELECTOR = YES;
				GCC_WARN_UNINITIALIZED_AUTOS = YES_AGGRESSIVE;
				GCC_WARN_UNUSED_FUNCTION = YES;
				GCC_WARN_UNUSED_VARIABLE = YES;
				IPHONEOS_DEPLOYMENT_TARGET = 9.3;
				MTL_ENABLE_DEBUG_INFO = YES;
				ONLY_ACTIVE_ARCH = YES;
				SDKROOT = iphoneos;
				SWIFT_OPTIMIZATION_LEVEL = "-Onone";
				TARGETED_DEVICE_FAMILY = "1,2";
			};
			name = Debug;
		};
		067234701D8467AF008AFD19 /* Release */ = {
			isa = XCBuildConfiguration;
			buildSettings = {
				ALWAYS_SEARCH_USER_PATHS = NO;
				CLANG_ANALYZER_NONNULL = YES;
				CLANG_CXX_LANGUAGE_STANDARD = "gnu++0x";
				CLANG_CXX_LIBRARY = "libc++";
				CLANG_ENABLE_MODULES = YES;
				CLANG_ENABLE_OBJC_ARC = YES;
				CLANG_WARN_BOOL_CONVERSION = YES;
				CLANG_WARN_CONSTANT_CONVERSION = YES;
				CLANG_WARN_DIRECT_OBJC_ISA_USAGE = YES_ERROR;
				CLANG_WARN_EMPTY_BODY = YES;
				CLANG_WARN_ENUM_CONVERSION = YES;
				CLANG_WARN_INT_CONVERSION = YES;
				CLANG_WARN_OBJC_ROOT_CLASS = YES_ERROR;
				CLANG_WARN_UNREACHABLE_CODE = YES;
				CLANG_WARN__DUPLICATE_METHOD_MATCH = YES;
				"CODE_SIGN_IDENTITY[sdk=iphoneos*]" = "iPhone Developer";
				COPY_PHASE_STRIP = NO;
				DEBUG_INFORMATION_FORMAT = "dwarf-with-dsym";
				ENABLE_NS_ASSERTIONS = NO;
				ENABLE_STRICT_OBJC_MSGSEND = YES;
				GCC_C_LANGUAGE_STANDARD = gnu99;
				GCC_NO_COMMON_BLOCKS = YES;
				GCC_WARN_64_TO_32_BIT_CONVERSION = YES;
				GCC_WARN_ABOUT_RETURN_TYPE = YES_ERROR;
				GCC_WARN_UNDECLARED_SELECTOR = YES;
				GCC_WARN_UNINITIALIZED_AUTOS = YES_AGGRESSIVE;
				GCC_WARN_UNUSED_FUNCTION = YES;
				GCC_WARN_UNUSED_VARIABLE = YES;
				IPHONEOS_DEPLOYMENT_TARGET = 9.3;
				MTL_ENABLE_DEBUG_INFO = NO;
				SDKROOT = iphoneos;
				TARGETED_DEVICE_FAMILY = "1,2";
				VALIDATE_PRODUCT = YES;
			};
			name = Release;
		};
		067234721D8467AF008AFD19 /* Debug */ = {
			isa = XCBuildConfiguration;
			buildSettings = {
				ASSETCATALOG_COMPILER_APPICON_NAME = AppIcon;
				FRAMEWORK_SEARCH_PATHS = (
					"$(inherited)",
					"$(PROJECT_DIR)/Carthage/Build/iOS",
				);
				INFOPLIST_FILE = weather/Info.plist;
				LD_RUNPATH_SEARCH_PATHS = "$(inherited) @executable_path/Frameworks";
				PRODUCT_BUNDLE_IDENTIFIER = com.gaberdios.weather;
				PRODUCT_NAME = "$(TARGET_NAME)";
			};
			name = Debug;
		};
		067234731D8467AF008AFD19 /* Release */ = {
			isa = XCBuildConfiguration;
			buildSettings = {
				ASSETCATALOG_COMPILER_APPICON_NAME = AppIcon;
				FRAMEWORK_SEARCH_PATHS = (
					"$(inherited)",
					"$(PROJECT_DIR)/Carthage/Build/iOS",
				);
				INFOPLIST_FILE = weather/Info.plist;
				LD_RUNPATH_SEARCH_PATHS = "$(inherited) @executable_path/Frameworks";
				PRODUCT_BUNDLE_IDENTIFIER = com.gaberdios.weather;
				PRODUCT_NAME = "$(TARGET_NAME)";
			};
			name = Release;
		};
/* End XCBuildConfiguration section */

/* Begin XCConfigurationList section */
		0672345A1D8467AF008AFD19 /* Build configuration list for PBXProject "weather" */ = {
			isa = XCConfigurationList;
			buildConfigurations = (
				0672346F1D8467AF008AFD19 /* Debug */,
				067234701D8467AF008AFD19 /* Release */,
			);
			defaultConfigurationIsVisible = 0;
			defaultConfigurationName = Release;
		};
		067234711D8467AF008AFD19 /* Build configuration list for PBXNativeTarget "weather" */ = {
			isa = XCConfigurationList;
			buildConfigurations = (
				067234721D8467AF008AFD19 /* Debug */,
				067234731D8467AF008AFD19 /* Release */,
			);
			defaultConfigurationIsVisible = 0;
			defaultConfigurationName = Release;
		};
/* End XCConfigurationList section */
	};
	rootObject = 067234571D8467AF008AFD19 /* Project object */;
}
